
Microsoft Visual Studio Solution File, Format Version 12.00
# Visual Studio Version 17
VisualStudioVersion = 17.0.31903.59
MinimumVisualStudioVersion = 10.0.40219.1
Project("{2150E333-8FDC-42A3-9474-1A3956D46DE8}") = "src", "src", "{ECAB03D4-0DFA-417F-A70F-722666311BEB}"
EndProject
Project("{FAE04EC0-301F-11D3-BF4B-00C04F79EFBC}") = "Aspire.AppHost", "src\Aspire.AppHost\Aspire.AppHost.csproj", "{8D821E0F-7078-4FE1-B7F1-E9E794DF0C6D}"
EndProject
Project("{FAE04EC0-301F-11D3-BF4B-00C04F79EFBC}") = "Aspire.ServiceDefaults", "src\Aspire.ServiceDefaults\Aspire.ServiceDefaults.csproj", "{C77570D6-9A68-4C85-8DFD-77F6A7FDB40D}"
EndProject
Project("{2150E333-8FDC-42A3-9474-1A3956D46DE8}") = "Ride", "Ride", "{2C8C8355-7A39-4B4D-A98A-F1A80D4C9A7C}"
EndProject
Project("{FAE04EC0-301F-11D3-BF4B-00C04F79EFBC}") = "Ride.API", "src\Ride\Ride.API\Ride.API.csproj", "{878137A5-F347-41B2-A991-899F85EBF1CF}"
EndProject
Project("{FAE04EC0-301F-11D3-BF4B-00C04F79EFBC}") = "Ride.Application", "src\Ride\Ride.Application\Ride.Application.csproj", "{0884ADBE-25DB-481D-9A0D-9A471E4EA75F}"
EndProject
Project("{FAE04EC0-301F-11D3-BF4B-00C04F79EFBC}") = "Ride.Domain", "src\Ride\Ride.Domain\Ride.Domain.csproj", "{568BB136-EB7F-40B2-9144-EF5ED0B1A0E5}"
EndProject
Project("{FAE04EC0-301F-11D3-BF4B-00C04F79EFBC}") = "Ride.Infrastructure", "src\Ride\Ride.Infrastructure\Ride.Infrastructure.csproj", "{8C38C4BA-8DC0-4BEE-88A0-48820C267FBB}"
EndProject
Project("{2150E333-8FDC-42A3-9474-1A3956D46DE8}") = "tests", "tests", "{FC01962F-BD95-4771-829E-FBC752DEE7B5}"
EndProject
Project("{2150E333-8FDC-42A3-9474-1A3956D46DE8}") = "Ride", "Ride", "{6A6040E3-9FF4-4CEC-8956-5EE4798302F7}"
EndProject
Project("{FAE04EC0-301F-11D3-BF4B-00C04F79EFBC}") = "Ride.Tests", "tests\Ride\Ride.Tests\Ride.Tests.csproj", "{71558D9A-4C12-4BA6-A80C-1B91A6030BE0}"
EndProject
Project("{FAE04EC0-301F-11D3-BF4B-00C04F79EFBC}") = "Ride.LoadTests", "tests\Ride\Ride.LoadTests\Ride.LoadTests.csproj", "{E91EDC92-A44A-47CB-BE58-BCF7771530A1}"
EndProject
Project("{2150E333-8FDC-42A3-9474-1A3956D46DE8}") = "Security", "Security", "{6390912B-5285-4C7D-B899-39541850ED76}"
EndProject
Project("{FAE04EC0-301F-11D3-BF4B-00C04F79EFBC}") = "Gateway.API", "src\Security\Gateway.API\Gateway.API.csproj", "{42415CCF-EDEE-4F1D-B1B6-9ED55DD9923F}"
EndProject
Project("{FAE04EC0-301F-11D3-BF4B-00C04F79EFBC}") = "Identity.API", "src\Security\Identity.API\Identity.API.csproj", "{D6383C3A-3403-4E57-B09C-70D6EDC057B6}"
EndProject
Project("{2150E333-8FDC-42A3-9474-1A3956D46DE8}") = "Driver", "Driver", "{249F9FCF-545F-4EFB-A1AA-E0F9CB2E2D94}"
EndProject
Project("{FAE04EC0-301F-11D3-BF4B-00C04F79EFBC}") = "Driver.API", "src\Driver\Driver.API\Driver.API.csproj", "{A5218C3E-195F-4C27-B4AF-3645FE7DE5B4}"
EndProject
Project("{FAE04EC0-301F-11D3-BF4B-00C04F79EFBC}") = "Driver.Application", "src\Driver\Driver.Application\Driver.Application.csproj", "{56BDB114-D042-499E-8F66-B2F9D70C0463}"
EndProject
Project("{FAE04EC0-301F-11D3-BF4B-00C04F79EFBC}") = "Driver.Domain", "src\Driver\Driver.Domain\Driver.Domain.csproj", "{942992EE-DB0F-44F8-A523-6E6DFDCA61FC}"
EndProject
Project("{FAE04EC0-301F-11D3-BF4B-00C04F79EFBC}") = "Driver.Infrastructure", "src\Driver\Driver.Infrastructure\Driver.Infrastructure.csproj", "{8C6DF11B-118A-4222-A7A5-2DA12B8C2276}"
EndProject
Global
	GlobalSection(SolutionConfigurationPlatforms) = preSolution
		Debug|Any CPU = Debug|Any CPU
		Release|Any CPU = Release|Any CPU
	EndGlobalSection
	GlobalSection(SolutionProperties) = preSolution
		HideSolutionNode = FALSE
	EndGlobalSection
	GlobalSection(ProjectConfigurationPlatforms) = postSolution
		{8D821E0F-7078-4FE1-B7F1-E9E794DF0C6D}.Debug|Any CPU.ActiveCfg = Debug|Any CPU
		{8D821E0F-7078-4FE1-B7F1-E9E794DF0C6D}.Debug|Any CPU.Build.0 = Debug|Any CPU
		{8D821E0F-7078-4FE1-B7F1-E9E794DF0C6D}.Release|Any CPU.ActiveCfg = Release|Any CPU
		{8D821E0F-7078-4FE1-B7F1-E9E794DF0C6D}.Release|Any CPU.Build.0 = Release|Any CPU
		{C77570D6-9A68-4C85-8DFD-77F6A7FDB40D}.Debug|Any CPU.ActiveCfg = Debug|Any CPU
		{C77570D6-9A68-4C85-8DFD-77F6A7FDB40D}.Debug|Any CPU.Build.0 = Debug|Any CPU
		{C77570D6-9A68-4C85-8DFD-77F6A7FDB40D}.Release|Any CPU.ActiveCfg = Release|Any CPU
		{C77570D6-9A68-4C85-8DFD-77F6A7FDB40D}.Release|Any CPU.Build.0 = Release|Any CPU
		{878137A5-F347-41B2-A991-899F85EBF1CF}.Debug|Any CPU.ActiveCfg = Debug|Any CPU
		{878137A5-F347-41B2-A991-899F85EBF1CF}.Debug|Any CPU.Build.0 = Debug|Any CPU
		{878137A5-F347-41B2-A991-899F85EBF1CF}.Release|Any CPU.ActiveCfg = Release|Any CPU
		{878137A5-F347-41B2-A991-899F85EBF1CF}.Release|Any CPU.Build.0 = Release|Any CPU
		{0884ADBE-25DB-481D-9A0D-9A471E4EA75F}.Debug|Any CPU.ActiveCfg = Debug|Any CPU
		{0884ADBE-25DB-481D-9A0D-9A471E4EA75F}.Debug|Any CPU.Build.0 = Debug|Any CPU
		{0884ADBE-25DB-481D-9A0D-9A471E4EA75F}.Release|Any CPU.ActiveCfg = Release|Any CPU
		{0884ADBE-25DB-481D-9A0D-9A471E4EA75F}.Release|Any CPU.Build.0 = Release|Any CPU
		{568BB136-EB7F-40B2-9144-EF5ED0B1A0E5}.Debug|Any CPU.ActiveCfg = Debug|Any CPU
		{568BB136-EB7F-40B2-9144-EF5ED0B1A0E5}.Debug|Any CPU.Build.0 = Debug|Any CPU
		{568BB136-EB7F-40B2-9144-EF5ED0B1A0E5}.Release|Any CPU.ActiveCfg = Release|Any CPU
		{568BB136-EB7F-40B2-9144-EF5ED0B1A0E5}.Release|Any CPU.Build.0 = Release|Any CPU
		{8C38C4BA-8DC0-4BEE-88A0-48820C267FBB}.Debug|Any CPU.ActiveCfg = Debug|Any CPU
		{8C38C4BA-8DC0-4BEE-88A0-48820C267FBB}.Debug|Any CPU.Build.0 = Debug|Any CPU
		{8C38C4BA-8DC0-4BEE-88A0-48820C267FBB}.Release|Any CPU.ActiveCfg = Release|Any CPU
		{8C38C4BA-8DC0-4BEE-88A0-48820C267FBB}.Release|Any CPU.Build.0 = Release|Any CPU
		{71558D9A-4C12-4BA6-A80C-1B91A6030BE0}.Debug|Any CPU.ActiveCfg = Debug|Any CPU
		{71558D9A-4C12-4BA6-A80C-1B91A6030BE0}.Debug|Any CPU.Build.0 = Debug|Any CPU
		{71558D9A-4C12-4BA6-A80C-1B91A6030BE0}.Release|Any CPU.ActiveCfg = Release|Any CPU
		{71558D9A-4C12-4BA6-A80C-1B91A6030BE0}.Release|Any CPU.Build.0 = Release|Any CPU
		{E91EDC92-A44A-47CB-BE58-BCF7771530A1}.Debug|Any CPU.ActiveCfg = Debug|Any CPU
		{E91EDC92-A44A-47CB-BE58-BCF7771530A1}.Debug|Any CPU.Build.0 = Debug|Any CPU
		{E91EDC92-A44A-47CB-BE58-BCF7771530A1}.Release|Any CPU.ActiveCfg = Release|Any CPU
		{E91EDC92-A44A-47CB-BE58-BCF7771530A1}.Release|Any CPU.Build.0 = Release|Any CPU
		{42415CCF-EDEE-4F1D-B1B6-9ED55DD9923F}.Debug|Any CPU.ActiveCfg = Debug|Any CPU
		{42415CCF-EDEE-4F1D-B1B6-9ED55DD9923F}.Debug|Any CPU.Build.0 = Debug|Any CPU
		{42415CCF-EDEE-4F1D-B1B6-9ED55DD9923F}.Release|Any CPU.ActiveCfg = Release|Any CPU
		{42415CCF-EDEE-4F1D-B1B6-9ED55DD9923F}.Release|Any CPU.Build.0 = Release|Any CPU
		{D6383C3A-3403-4E57-B09C-70D6EDC057B6}.Debug|Any CPU.ActiveCfg = Debug|Any CPU
		{D6383C3A-3403-4E57-B09C-70D6EDC057B6}.Debug|Any CPU.Build.0 = Debug|Any CPU
		{D6383C3A-3403-4E57-B09C-70D6EDC057B6}.Release|Any CPU.ActiveCfg = Release|Any CPU
		{D6383C3A-3403-4E57-B09C-70D6EDC057B6}.Release|Any CPU.Build.0 = Release|Any CPU
		{A5218C3E-195F-4C27-B4AF-3645FE7DE5B4}.Debug|Any CPU.ActiveCfg = Debug|Any CPU
		{A5218C3E-195F-4C27-B4AF-3645FE7DE5B4}.Debug|Any CPU.Build.0 = Debug|Any CPU
		{A5218C3E-195F-4C27-B4AF-3645FE7DE5B4}.Release|Any CPU.ActiveCfg = Release|Any CPU
		{A5218C3E-195F-4C27-B4AF-3645FE7DE5B4}.Release|Any CPU.Build.0 = Release|Any CPU
		{56BDB114-D042-499E-8F66-B2F9D70C0463}.Debug|Any CPU.ActiveCfg = Debug|Any CPU
		{56BDB114-D042-499E-8F66-B2F9D70C0463}.Debug|Any CPU.Build.0 = Debug|Any CPU
		{56BDB114-D042-499E-8F66-B2F9D70C0463}.Release|Any CPU.ActiveCfg = Release|Any CPU
		{56BDB114-D042-499E-8F66-B2F9D70C0463}.Release|Any CPU.Build.0 = Release|Any CPU
		{942992EE-DB0F-44F8-A523-6E6DFDCA61FC}.Debug|Any CPU.ActiveCfg = Debug|Any CPU
		{942992EE-DB0F-44F8-A523-6E6DFDCA61FC}.Debug|Any CPU.Build.0 = Debug|Any CPU
		{942992EE-DB0F-44F8-A523-6E6DFDCA61FC}.Release|Any CPU.ActiveCfg = Release|Any CPU
		{942992EE-DB0F-44F8-A523-6E6DFDCA61FC}.Release|Any CPU.Build.0 = Release|Any CPU
		{8C6DF11B-118A-4222-A7A5-2DA12B8C2276}.Debug|Any CPU.ActiveCfg = Debug|Any CPU
		{8C6DF11B-118A-4222-A7A5-2DA12B8C2276}.Debug|Any CPU.Build.0 = Debug|Any CPU
		{8C6DF11B-118A-4222-A7A5-2DA12B8C2276}.Release|Any CPU.ActiveCfg = Release|Any CPU
		{8C6DF11B-118A-4222-A7A5-2DA12B8C2276}.Release|Any CPU.Build.0 = Release|Any CPU
	EndGlobalSection
	GlobalSection(NestedProjects) = preSolution
		{8D821E0F-7078-4FE1-B7F1-E9E794DF0C6D} = {ECAB03D4-0DFA-417F-A70F-722666311BEB}
		{C77570D6-9A68-4C85-8DFD-77F6A7FDB40D} = {ECAB03D4-0DFA-417F-A70F-722666311BEB}
		{2C8C8355-7A39-4B4D-A98A-F1A80D4C9A7C} = {ECAB03D4-0DFA-417F-A70F-722666311BEB}
		{878137A5-F347-41B2-A991-899F85EBF1CF} = {2C8C8355-7A39-4B4D-A98A-F1A80D4C9A7C}
		{0884ADBE-25DB-481D-9A0D-9A471E4EA75F} = {2C8C8355-7A39-4B4D-A98A-F1A80D4C9A7C}
		{568BB136-EB7F-40B2-9144-EF5ED0B1A0E5} = {2C8C8355-7A39-4B4D-A98A-F1A80D4C9A7C}
		{8C38C4BA-8DC0-4BEE-88A0-48820C267FBB} = {2C8C8355-7A39-4B4D-A98A-F1A80D4C9A7C}
		{6A6040E3-9FF4-4CEC-8956-5EE4798302F7} = {FC01962F-BD95-4771-829E-FBC752DEE7B5}
		{71558D9A-4C12-4BA6-A80C-1B91A6030BE0} = {6A6040E3-9FF4-4CEC-8956-5EE4798302F7}
		{E91EDC92-A44A-47CB-BE58-BCF7771530A1} = {6A6040E3-9FF4-4CEC-8956-5EE4798302F7}
		{6390912B-5285-4C7D-B899-39541850ED76} = {ECAB03D4-0DFA-417F-A70F-722666311BEB}
		{42415CCF-EDEE-4F1D-B1B6-9ED55DD9923F} = {6390912B-5285-4C7D-B899-39541850ED76}
		{D6383C3A-3403-4E57-B09C-70D6EDC057B6} = {6390912B-5285-4C7D-B899-39541850ED76}
		{249F9FCF-545F-4EFB-A1AA-E0F9CB2E2D94} = {ECAB03D4-0DFA-417F-A70F-722666311BEB}
		{A5218C3E-195F-4C27-B4AF-3645FE7DE5B4} = {249F9FCF-545F-4EFB-A1AA-E0F9CB2E2D94}
		{56BDB114-D042-499E-8F66-B2F9D70C0463} = {249F9FCF-545F-4EFB-A1AA-E0F9CB2E2D94}
		{942992EE-DB0F-44F8-A523-6E6DFDCA61FC} = {249F9FCF-545F-4EFB-A1AA-E0F9CB2E2D94}
		{8C6DF11B-118A-4222-A7A5-2DA12B8C2276} = {249F9FCF-545F-4EFB-A1AA-E0F9CB2E2D94}
	EndGlobalSection
EndGlobal
